[[package]]
name = "atomicwrites"
version = "1.4.0"
description = "Atomic file writes."
category = "dev"
optional = false
python-versions = ">=2.7, !=3.0.*, !=3.1.*, !=3.2.*, !=3.3.*"

[[package]]
name = "attrs"
version = "21.4.0"
description = "Classes Without Boilerplate"
category = "dev"
optional = false
python-versions = ">=2.7, !=3.0.*, !=3.1.*, !=3.2.*, !=3.3.*, !=3.4.*"

[package.extras]
dev = ["coverage[toml] (>=5.0.2)", "hypothesis", "pympler", "pytest (>=4.3.0)", "six", "mypy", "pytest-mypy-plugins", "zope.interface", "furo", "sphinx", "sphinx-notfound-page", "pre-commit", "cloudpickle"]
docs = ["furo", "sphinx", "zope.interface", "sphinx-notfound-page"]
tests = ["coverage[toml] (>=5.0.2)", "hypothesis", "pympler", "pytest (>=4.3.0)", "six", "mypy", "pytest-mypy-plugins", "zope.interface", "cloudpickle"]
tests_no_zope = ["coverage[toml] (>=5.0.2)", "hypothesis", "pympler", "pytest (>=4.3.0)", "six", "mypy", "pytest-mypy-plugins", "cloudpickle"]

[[package]]
name = "black"
version = "21.12b0"
description = "The uncompromising code formatter."
category = "dev"
optional = false
python-versions = ">=3.6.2"

[package.dependencies]
click = ">=7.1.2"
mypy-extensions = ">=0.4.3"
pathspec = ">=0.9.0,<1"
platformdirs = ">=2"
tomli = ">=0.2.6,<2.0.0"
typing-extensions = [
    {version = ">=3.10.0.0", markers = "python_version < \"3.10\""},
    {version = "!=3.10.0.1", markers = "python_version >= \"3.10\""},
]

[package.extras]
colorama = ["colorama (>=0.4.3)"]
d = ["aiohttp (>=3.7.4)"]
jupyter = ["ipython (>=7.8.0)", "tokenize-rt (>=3.2.0)"]
python2 = ["typed-ast (>=1.4.3)"]
uvloop = ["uvloop (>=0.15.2)"]

[[package]]
name = "certifi"
version = "2021.10.8"
description = "Python package for providing Mozilla's CA Bundle."
category = "main"
optional = true
python-versions = "*"

[[package]]
name = "charset-normalizer"
version = "2.0.12"
description = "The Real First Universal Charset Detector. Open, modern and actively maintained alternative to Chardet."
category = "main"
optional = true
python-versions = ">=3.5.0"

[package.extras]
unicode_backport = ["unicodedata2"]

[[package]]
name = "click"
version = "8.1.2"
description = "Composable command line interface toolkit"
category = "dev"
optional = false
python-versions = ">=3.7"

[package.dependencies]
colorama = {version = "*", markers = "platform_system == \"Windows\""}

[[package]]
name = "colorama"
version = "0.4.4"
description = "Cross-platform colored terminal text."
category = "dev"
optional = false
python-versions = ">=2.7, !=3.0.*, !=3.1.*, !=3.2.*, !=3.3.*, !=3.4.*"

[[package]]
name = "distlib"
version = "0.3.4"
description = "Distribution utilities"
category = "dev"
optional = false
python-versions = "*"

[[package]]
name = "filelock"
version = "3.6.0"
description = "A platform independent file lock."
category = "dev"
optional = false
python-versions = ">=3.7"

[package.extras]
docs = ["furo (>=2021.8.17b43)", "sphinx (>=4.1)", "sphinx-autodoc-typehints (>=1.12)"]
testing = ["covdefaults (>=1.2.0)", "coverage (>=4)", "pytest (>=4)", "pytest-cov", "pytest-timeout (>=1.4.2)"]

[[package]]
name = "idna"
version = "3.3"
description = "Internationalized Domain Names in Applications (IDNA)"
category = "main"
optional = true
python-versions = ">=3.5"

[[package]]
name = "iniconfig"
version = "1.1.1"
description = "iniconfig: brain-dead simple config-ini parsing"
category = "dev"
optional = false
python-versions = "*"

[[package]]
name = "jarowinkler"
version = "1.0.2"
description = "library for fast approximate string matching using Jaro and Jaro-Winkler similarity"
category = "main"
optional = true
python-versions = ">=3.6"

[[package]]
name = "lol-id-tools"
version = "2.0.0"
description = ""
category = "main"
optional = true
python-versions = ">=3.8,<4.0"

[package.dependencies]
pydantic = ">=1.9.0,<2.0.0"
rapidfuzz = ">=2.0.2,<3.0.0"
requests = ">=2.27.1,<3.0.0"

[[package]]
name = "mypy-extensions"
version = "0.4.3"
description = "Experimental type system extensions for programs checked with the mypy typechecker."
category = "dev"
optional = false
python-versions = "*"

[[package]]
name = "packaging"
version = "21.3"
description = "Core utilities for Python packages"
category = "dev"
optional = false
python-versions = ">=3.6"

[package.dependencies]
pyparsing = ">=2.0.2,<3.0.5 || >3.0.5"

[[package]]
name = "pathspec"
version = "0.9.0"
description = "Utility library for gitignore style pattern matching of file paths."
category = "dev"
optional = false
python-versions = "!=3.0.*,!=3.1.*,!=3.2.*,!=3.3.*,!=3.4.*,>=2.7"

[[package]]
name = "platformdirs"
version = "2.5.1"
description = "A small Python module for determining appropriate platform-specific dirs, e.g. a \"user data dir\"."
category = "dev"
optional = false
python-versions = ">=3.7"

[package.extras]
docs = ["Sphinx (>=4)", "furo (>=2021.7.5b38)", "proselint (>=0.10.2)", "sphinx-autodoc-typehints (>=1.12)"]
test = ["appdirs (==1.4.4)", "pytest (>=6)", "pytest-cov (>=2.7)", "pytest-mock (>=3.6)"]

[[package]]
name = "pluggy"
version = "1.0.0"
description = "plugin and hook calling mechanisms for python"
category = "dev"
optional = false
python-versions = ">=3.6"

[package.extras]
dev = ["pre-commit", "tox"]
testing = ["pytest", "pytest-benchmark"]

[[package]]
name = "py"
version = "1.11.0"
description = "library with cross-python path, ini-parsing, io, code, log facilities"
category = "dev"
optional = false
python-versions = ">=2.7, !=3.0.*, !=3.1.*, !=3.2.*, !=3.3.*, !=3.4.*"

[[package]]
name = "pydantic"
version = "1.9.0"
description = "Data validation and settings management using python 3.6 type hinting"
category = "main"
optional = true
python-versions = ">=3.6.1"

[package.dependencies]
typing-extensions = ">=3.7.4.3"

[package.extras]
dotenv = ["python-dotenv (>=0.10.4)"]
email = ["email-validator (>=1.0.3)"]

[[package]]
name = "pyparsing"
version = "3.0.7"
description = "Python parsing module"
category = "dev"
optional = false
python-versions = ">=3.6"

[package.extras]
diagrams = ["jinja2", "railroad-diagrams"]

[[package]]
name = "pytest"
version = "6.2.5"
description = "pytest: simple powerful testing with Python"
category = "dev"
optional = false
python-versions = ">=3.6"

[package.dependencies]
atomicwrites = {version = ">=1.0", markers = "sys_platform == \"win32\""}
attrs = ">=19.2.0"
colorama = {version = "*", markers = "sys_platform == \"win32\""}
iniconfig = "*"
packaging = "*"
pluggy = ">=0.12,<2.0"
py = ">=1.8.2"
toml = "*"

[package.extras]
testing = ["argcomplete", "hypothesis (>=3.56)", "mock", "nose", "requests", "xmlschema"]

[[package]]
name = "rapidfuzz"
version = "2.0.7"
description = "rapid fuzzy string matching"
category = "main"
optional = true
python-versions = ">=3.6"

[package.dependencies]
jarowinkler = ">=1.0.2,<1.1.0"

[package.extras]
full = ["numpy"]

[[package]]
name = "requests"
version = "2.27.1"
description = "Python HTTP for Humans."
category = "main"
optional = true
python-versions = ">=2.7, !=3.0.*, !=3.1.*, !=3.2.*, !=3.3.*, !=3.4.*, !=3.5.*"

[package.dependencies]
certifi = ">=2017.4.17"
charset-normalizer = {version = ">=2.0.0,<2.1.0", markers = "python_version >= \"3\""}
idna = {version = ">=2.5,<4", markers = "python_version >= \"3\""}
urllib3 = ">=1.21.1,<1.27"

[package.extras]
socks = ["PySocks (>=1.5.6,!=1.5.7)", "win-inet-pton"]
use_chardet_on_py3 = ["chardet (>=3.0.2,<5)"]

[[package]]
name = "six"
version = "1.16.0"
description = "Python 2 and 3 compatibility utilities"
category = "dev"
optional = false
python-versions = ">=2.7, !=3.0.*, !=3.1.*, !=3.2.*"

[[package]]
name = "toml"
version = "0.10.2"
description = "Python Library for Tom's Obvious, Minimal Language"
category = "dev"
optional = false
python-versions = ">=2.6, !=3.0.*, !=3.1.*, !=3.2.*"

[[package]]
name = "tomli"
version = "1.2.3"
description = "A lil' TOML parser"
category = "dev"
optional = false
python-versions = ">=3.6"

[[package]]
name = "tox"
version = "3.24.5"
description = "tox is a generic virtualenv management and test command line tool"
category = "dev"
optional = false
python-versions = "!=3.0.*,!=3.1.*,!=3.2.*,!=3.3.*,!=3.4.*,>=2.7"

[package.dependencies]
colorama = {version = ">=0.4.1", markers = "platform_system == \"Windows\""}
filelock = ">=3.0.0"
packaging = ">=14"
pluggy = ">=0.12.0"
py = ">=1.4.17"
six = ">=1.14.0"
toml = ">=0.9.4"
virtualenv = ">=16.0.0,<20.0.0 || >20.0.0,<20.0.1 || >20.0.1,<20.0.2 || >20.0.2,<20.0.3 || >20.0.3,<20.0.4 || >20.0.4,<20.0.5 || >20.0.5,<20.0.6 || >20.0.6,<20.0.7 || >20.0.7"

[package.extras]
docs = ["pygments-github-lexers (>=0.0.5)", "sphinx (>=2.0.0)", "sphinxcontrib-autoprogram (>=0.1.5)", "towncrier (>=18.5.0)"]
testing = ["flaky (>=3.4.0)", "freezegun (>=0.3.11)", "pytest (>=4.0.0)", "pytest-cov (>=2.5.1)", "pytest-mock (>=1.10.0)", "pytest-randomly (>=1.0.0)", "psutil (>=5.6.1)", "pathlib2 (>=2.3.3)"]

[[package]]
name = "typing-extensions"
version = "4.1.1"
description = "Backported and Experimental Type Hints for Python 3.6+"
category = "main"
optional = false
python-versions = ">=3.6"

[[package]]
name = "urllib3"
version = "1.26.9"
description = "HTTP library with thread-safe connection pooling, file post, and more."
category = "main"
optional = true
python-versions = ">=2.7, !=3.0.*, !=3.1.*, !=3.2.*, !=3.3.*, !=3.4.*, <4"

[package.extras]
brotli = ["brotlicffi (>=0.8.0)", "brotli (>=1.0.9)", "brotlipy (>=0.6.0)"]
secure = ["pyOpenSSL (>=0.14)", "cryptography (>=1.3.4)", "idna (>=2.0.0)", "certifi", "ipaddress"]
socks = ["PySocks (>=1.5.6,!=1.5.7,<2.0)"]

[[package]]
name = "virtualenv"
version = "20.14.0"
description = "Virtual Python Environment builder"
category = "dev"
optional = false
python-versions = "!=3.0.*,!=3.1.*,!=3.2.*,!=3.3.*,!=3.4.*,>=2.7"

[package.dependencies]
distlib = ">=0.3.1,<1"
filelock = ">=3.2,<4"
platformdirs = ">=2,<3"
six = ">=1.9.0,<2"

[package.extras]
docs = ["proselint (>=0.10.2)", "sphinx (>=3)", "sphinx-argparse (>=0.2.5)", "sphinx-rtd-theme (>=0.4.3)", "towncrier (>=21.3)"]
testing = ["coverage (>=4)", "coverage-enable-subprocess (>=1)", "flaky (>=3)", "pytest (>=4)", "pytest-env (>=0.6.2)", "pytest-freezegun (>=0.4.1)", "pytest-mock (>=2)", "pytest-randomly (>=1)", "pytest-timeout (>=1)", "packaging (>=20.0)"]

[extras]
names = ["lol-id-tools"]

[metadata]
lock-version = "1.1"
python-versions = "^3.8"
content-hash = "8047a190f003fe925ecc51dd88ed4ca3ce0dd2ee5cc15d594ee762cbe75f94c4"

[metadata.files]
atomicwrites = [
    {file = "atomicwrites-1.4.0-py2.py3-none-any.whl", hash = "sha256:6d1784dea7c0c8d4a5172b6c620f40b6e4cbfdf96d783691f2e1302a7b88e197"},
    {file = "atomicwrites-1.4.0.tar.gz", hash = "sha256:ae70396ad1a434f9c7046fd2dd196fc04b12f9e91ffb859164193be8b6168a7a"},
]
attrs = [
    {file = "attrs-21.4.0-py2.py3-none-any.whl", hash = "sha256:2d27e3784d7a565d36ab851fe94887c5eccd6a463168875832a1be79c82828b4"},
    {file = "attrs-21.4.0.tar.gz", hash = "sha256:626ba8234211db98e869df76230a137c4c40a12d72445c45d5f5b716f076e2fd"},
]
black = [
    {file = "black-21.12b0-py3-none-any.whl", hash = "sha256:a615e69ae185e08fdd73e4715e260e2479c861b5740057fde6e8b4e3b7dd589f"},
    {file = "black-21.12b0.tar.gz", hash = "sha256:77b80f693a569e2e527958459634f18df9b0ba2625ba4e0c2d5da5be42e6f2b3"},
]
certifi = [
    {file = "certifi-2021.10.8-py2.py3-none-any.whl", hash = "sha256:d62a0163eb4c2344ac042ab2bdf75399a71a2d8c7d47eac2e2ee91b9d6339569"},
    {file = "certifi-2021.10.8.tar.gz", hash = "sha256:78884e7c1d4b00ce3cea67b44566851c4343c120abd683433ce934a68ea58872"},
]
charset-normalizer = [
    {file = "charset-normalizer-2.0.12.tar.gz", hash = "sha256:2857e29ff0d34db842cd7ca3230549d1a697f96ee6d3fb071cfa6c7393832597"},
    {file = "charset_normalizer-2.0.12-py3-none-any.whl", hash = "sha256:6881edbebdb17b39b4eaaa821b438bf6eddffb4468cf344f09f89def34a8b1df"},
]
click = [
    {file = "click-8.1.2-py3-none-any.whl", hash = "sha256:24e1a4a9ec5bf6299411369b208c1df2188d9eb8d916302fe6bf03faed227f1e"},
    {file = "click-8.1.2.tar.gz", hash = "sha256:479707fe14d9ec9a0757618b7a100a0ae4c4e236fac5b7f80ca68028141a1a72"},
]
colorama = [
    {file = "colorama-0.4.4-py2.py3-none-any.whl", hash = "sha256:9f47eda37229f68eee03b24b9748937c7dc3868f906e8ba69fbcbdd3bc5dc3e2"},
    {file = "colorama-0.4.4.tar.gz", hash = "sha256:5941b2b48a20143d2267e95b1c2a7603ce057ee39fd88e7329b0c292aa16869b"},
]
distlib = [
    {file = "distlib-0.3.4-py2.py3-none-any.whl", hash = "sha256:6564fe0a8f51e734df6333d08b8b94d4ea8ee6b99b5ed50613f731fd4089f34b"},
    {file = "distlib-0.3.4.zip", hash = "sha256:e4b58818180336dc9c529bfb9a0b58728ffc09ad92027a3f30b7cd91e3458579"},
]
filelock = [
    {file = "filelock-3.6.0-py3-none-any.whl", hash = "sha256:f8314284bfffbdcfa0ff3d7992b023d4c628ced6feb957351d4c48d059f56bc0"},
    {file = "filelock-3.6.0.tar.gz", hash = "sha256:9cd540a9352e432c7246a48fe4e8712b10acb1df2ad1f30e8c070b82ae1fed85"},
]
idna = [
    {file = "idna-3.3-py3-none-any.whl", hash = "sha256:84d9dd047ffa80596e0f246e2eab0b391788b0503584e8945f2368256d2735ff"},
    {file = "idna-3.3.tar.gz", hash = "sha256:9d643ff0a55b762d5cdb124b8eaa99c66322e2157b69160bc32796e824360e6d"},
]
iniconfig = [
    {file = "iniconfig-1.1.1-py2.py3-none-any.whl", hash = "sha256:011e24c64b7f47f6ebd835bb12a743f2fbe9a26d4cecaa7f53bc4f35ee9da8b3"},
    {file = "iniconfig-1.1.1.tar.gz", hash = "sha256:bc3af051d7d14b2ee5ef9969666def0cd1a000e121eaea580d4a313df4b37f32"},
]
jarowinkler = [
    {file = "jarowinkler-1.0.2-cp310-cp310-macosx_10_9_universal2.whl", hash = "sha256:71772fcd787e0286b779de0f1bef1e0a25deb4578328c0fc633bc345f13ffd20"},
    {file = "jarowinkler-1.0.2-cp310-cp310-macosx_10_9_x86_64.whl", hash = "sha256:912ee0a465822a8d659413cebc1ab9937ac5850c9cd1e80be478ba209e7c8095"},
    {file = "jarowinkler-1.0.2-cp310-cp310-macosx_11_0_arm64.whl", hash = "sha256:0320f7187dced1ad413bf2c3631ec47567e65dfdea92c523aafb2c085ae15035"},
    {file = "jarowinkler-1.0.2-cp310-cp310-manylinux_2_17_aarch64.manylinux2014_aarch64.whl", hash = "sha256:58bc6a8f01b0dfdf3721f9a4954060addeccf8bbe5e72a71cf23a88ce0d30440"},
    {file = "jarowinkler-1.0.2-cp310-cp310-manylinux_2_17_ppc64le.manylinux2014_ppc64le.whl", hash = "sha256:679ec7a42f70baa61f3a214d1b59cec90fc036021c759722075efcc8697e7b1f"},
    {file = "jarowinkler-1.0.2-cp310-cp310-manylinux_2_17_s390x.manylinux2014_s390x.whl", hash = "sha256:dde57d47962d6a4436d8a3b477bcc8233c6da28e675027eb3a490b0d6dc325be"},
    {file = "jarowinkler-1.0.2-cp310-cp310-manylinux_2_17_x86_64.manylinux2014_x86_64.whl", hash = "sha256:657f50204970fac8f120c293e52a3451b742c9b26125010405ec7365cb6e2a49"},
    {file = "jarowinkler-1.0.2-cp310-cp310-manylinux_2_5_i686.manylinux1_i686.manylinux_2_17_i686.manylinux2014_i686.whl", hash = "sha256:04f18a7398766b36ffbe4bcd26d34fcd6ed01f4f2f7eea13e316e6cca0e10c98"},
    {file = "jarowinkler-1.0.2-cp310-cp310-musllinux_1_1_aarch64.whl", hash = "sha256:33a24b380e2c076eabf2d3e12eee56b6bf10b1f326444e18c36a495387dbf0de"},
    {file = "jarowinkler-1.0.2-cp310-cp310-musllinux_1_1_i686.whl", hash = "sha256:e1d7d6e6c98fb785026584373240cc4076ad21033f508973faae05e846206e8c"},
    {file = "jarowinkler-1.0.2-cp310-cp310-musllinux_1_1_ppc64le.whl", hash = "sha256:e50c750a45c800d91134200d8cbf746258ed357a663e97cc0348ee42a948386a"},
    {file = "jarowinkler-1.0.2-cp310-cp310-musllinux_1_1_s390x.whl", hash = "sha256:5b380afce6cdc25a4dafd86874f07a393800577c05335c6ad67ccda41db95c60"},
    {file = "jarowinkler-1.0.2-cp310-cp310-musllinux_1_1_x86_64.whl", hash = "sha256:e73712747ac5d2218af3ed3c1600377f18a0a45af95f22c39576165aea2908b4"},
    {file = "jarowinkler-1.0.2-cp310-cp310-win32.whl", hash = "sha256:9511f4e1f00c822e08dbffeb69e15c75eb294a5f24729815a97807ecf03d22eb"},
    {file = "jarowinkler-1.0.2-cp310-cp310-win_amd64.whl", hash = "sha256:a5c44f92e9ac6088286292ecb69e970adc2b98e139b8923bce9bbb9d484e6a0f"},
    {file = "jarowinkler-1.0.2-cp36-cp36m-macosx_10_9_x86_64.whl", hash = "sha256:02b0bf34ffc2995b695d9b10d2f18c1c447fbbdb7c913a84a0a48c186ccca3b8"},
    {file = "jarowinkler-1.0.2-cp36-cp36m-manylinux_2_17_aarch64.manylinux2014_aarch64.whl", hash = "sha256:df7a8e45176298a1210c06f8b2328030cc3c93a45dab068ac1fbc9cf075cd95b"},
    {file = "jarowinkler-1.0.2-cp36-cp36m-manylinux_2_17_ppc64le.manylinux2014_ppc64le.whl", hash = "sha256:da27a9c206249a50701bfa5cfbbb3a04236e1145b2b0967e825438acb14269bf"},
    {file = "jarowinkler-1.0.2-cp36-cp36m-manylinux_2_17_s390x.manylinux2014_s390x.whl", hash = "sha256:43ea0155379df92021af0f4a32253be3953dfa0f050ec3515f314b8f48a96674"},
    {file = "jarowinkler-1.0.2-cp36-cp36m-manylinux_2_17_x86_64.manylinux2014_x86_64.whl", hash = "sha256:0f33b6b1687db1be1abba60850628ee71547501592fcf3504e021274bc5ccb7a"},
    {file = "jarowinkler-1.0.2-cp36-cp36m-manylinux_2_5_i686.manylinux1_i686.manylinux_2_17_i686.manylinux2014_i686.whl", hash = "sha256:ff304de32ee6acd5387103a0ad584060d8d419aa19cbbeca95204de9c4f01171"},
    {file = "jarowinkler-1.0.2-cp36-cp36m-musllinux_1_1_aarch64.whl", hash = "sha256:662dd6f59cca536640be0cda32c901989504d95316b192e6aa41d098fa08c795"},
    {file = "jarowinkler-1.0.2-cp36-cp36m-musllinux_1_1_i686.whl", hash = "sha256:01f85abb75fa43e98db34853d35570d98495ee2fcbbf45a93838e0289c162f19"},
    {file = "jarowinkler-1.0.2-cp36-cp36m-musllinux_1_1_ppc64le.whl", hash = "sha256:5b9332dcc8130af4101c9752a03e977c54b8c12982a2a3ca4c2e4cc542accc00"},
    {file = "jarowinkler-1.0.2-cp36-cp36m-musllinux_1_1_s390x.whl", hash = "sha256:af765b037404a536c372e33ddd4c430aea28f1d82a8ef51a2955442b8b690577"},
    {file = "jarowinkler-1.0.2-cp36-cp36m-musllinux_1_1_x86_64.whl", hash = "sha256:aea2c7d66b57c56d00f9c45ae7862d86e3ae84368ecea17f3552c0052a7f3bcf"},
    {file = "jarowinkler-1.0.2-cp36-cp36m-win32.whl", hash = "sha256:8b1288a09a8d100e9bf7cf9ce1329433db73a0d0350d74c2c6f5c31ac69096cf"},
    {file = "jarowinkler-1.0.2-cp36-cp36m-win_amd64.whl", hash = "sha256:ed39199b0e806902347473c65e5c05933549cf7e55ba628c6812782f2c310b19"},
    {file = "jarowinkler-1.0.2-cp37-cp37m-macosx_10_9_x86_64.whl", hash = "sha256:473b057d7e5a0f5e5b8c0e0f7960d3ca2f2954c3c93fd7a9fb2cc4bc3cc940fb"},
    {file = "jarowinkler-1.0.2-cp37-cp37m-manylinux_2_17_aarch64.manylinux2014_aarch64.whl", hash = "sha256:bdb892dbbbd77b3789a10b2ce5e8acfe5821cc6423e835bae2b489159f3c2211"},
    {file = "jarowinkler-1.0.2-cp37-cp37m-manylinux_2_17_ppc64le.manylinux2014_ppc64le.whl", hash = "sha256:012a8333328ce061cba1ff081843c8d80eb1afe8fa2889ad29d767ea3fdc7562"},
    {file = "jarowinkler-1.0.2-cp37-cp37m-manylinux_2_17_s390x.manylinux2014_s390x.whl", hash = "sha256:3421120c07ee6d3f59c5adde32eb9a050cfd1b3666b0e2d8c337d934a9d091f9"},
    {file = "jarowinkler-1.0.2-cp37-cp37m-manylinux_2_17_x86_64.manylinux2014_x86_64.whl", hash = "sha256:dad57327cc90f8daa3afb98e2d274d7dd1b60651f32717449be95d3b3366d61a"},
    {file = "jarowinkler-1.0.2-cp37-cp37m-manylinux_2_5_i686.manylinux1_i686.manylinux_2_17_i686.manylinux2014_i686.whl", hash = "sha256:e4fd1757eff43df97227fd63d9c8078582267a0b25cefef6f6a64d3e46e80ba2"},
    {file = "jarowinkler-1.0.2-cp37-cp37m-musllinux_1_1_aarch64.whl", hash = "sha256:32269ebbcb860f01c055d9bb145b4cc91990f62c7644a85b21458b4868621113"},
    {file = "jarowinkler-1.0.2-cp37-cp37m-musllinux_1_1_i686.whl", hash = "sha256:3b5a0839e84f5ff914b01b5b94d0273954affce9cc2b2ee2c31fe2fcb9c8ae76"},
    {file = "jarowinkler-1.0.2-cp37-cp37m-musllinux_1_1_ppc64le.whl", hash = "sha256:6c9d3a9ef008428b5dce2855eebe2b6127ea7a7e433aedf240653fad4bd4baa6"},
    {file = "jarowinkler-1.0.2-cp37-cp37m-musllinux_1_1_s390x.whl", hash = "sha256:a3d7759d8a66ee05595bde012f93da8a63499f38205e2bb47022c52bd6c47108"},
    {file = "jarowinkler-1.0.2-cp37-cp37m-musllinux_1_1_x86_64.whl", hash = "sha256:2ba1b1b0bf45042a9bbb95d272fd8b0c559fe8f6806f088ec0372899e1bc6224"},
    {file = "jarowinkler-1.0.2-cp37-cp37m-win32.whl", hash = "sha256:4cb33f4343774d69abf8cf65ad57919e7a171c44ba6ad57b08147c3f0f06b073"},
    {file = "jarowinkler-1.0.2-cp37-cp37m-win_amd64.whl", hash = "sha256:0392b72ddb5ab5d6c1d5df94dbdac7bf229670e5e64b2b9a382d02d6158755e5"},
    {file = "jarowinkler-1.0.2-cp38-cp38-macosx_10_9_universal2.whl", hash = "sha256:94f663ad85bc7a89d7e8b6048f93a46d2848a0570ab07fc895a239b9a5d97b93"},
    {file = "jarowinkler-1.0.2-cp38-cp38-macosx_10_9_x86_64.whl", hash = "sha256:895a10766ff3db15e7cf2b735e4277bee051eaafb437aaaef2c5de64a5c3f05c"},
    {file = "jarowinkler-1.0.2-cp38-cp38-macosx_11_0_arm64.whl", hash = "sha256:0c1a84e770b3ec7385a4f40efb30bdc96f96844564f91f8d3937d54a8969d82c"},
    {file = "jarowinkler-1.0.2-cp38-cp38-manylinux_2_17_aarch64.manylinux2014_aarch64.whl", hash = "sha256:27defe81d76e02b3929322baea999f5232837e7f308c2dc5b37de7568c2bc583"},
    {file = "jarowinkler-1.0.2-cp38-cp38-manylinux_2_17_ppc64le.manylinux2014_ppc64le.whl", hash = "sha256:158f117481388f8d23fe4bd2567f37be0ccae0f4631c34e4b0345803147da207"},
    {file = "jarowinkler-1.0.2-cp38-cp38-manylinux_2_17_s390x.manylinux2014_s390x.whl", hash = "sha256:427c675b4f3e83c79a4b6af7441f29e30a173c7a0ae72a54f51090eee7a8ae02"},
    {file = "jarowinkler-1.0.2-cp38-cp38-manylinux_2_17_x86_64.manylinux2014_x86_64.whl", hash = "sha256:90a7f3fd173339bc62e52c02f43d50c947cb3af9cda41646e218aea13547e0c2"},
    {file = "jarowinkler-1.0.2-cp38-cp38-manylinux_2_5_i686.manylinux1_i686.manylinux_2_17_i686.manylinux2014_i686.whl", hash = "sha256:3975cbe8b6ae13fc63d74bcbed8dac1577078d8cd8728e60621fe75885d2a8c5"},
    {file = "jarowinkler-1.0.2-cp38-cp38-musllinux_1_1_aarch64.whl", hash = "sha256:141840f33345b00abd611839080edc99d4d31abd2dcf701a3e50c90f9bfb2383"},
    {file = "jarowinkler-1.0.2-cp38-cp38-musllinux_1_1_i686.whl", hash = "sha256:f592f9f6179e347a5f518ca7feb9bf3ac068f2fad60ece5a0eef5e5e580d4c8b"},
    {file = "jarowinkler-1.0.2-cp38-cp38-musllinux_1_1_ppc64le.whl", hash = "sha256:30565d70396eb9d1eb622e1e707ddc2f3b7a9692558b8bf4ea49415a5ca2f854"},
    {file = "jarowinkler-1.0.2-cp38-cp38-musllinux_1_1_s390x.whl", hash = "sha256:35fc430c11b80a43ed826879c78c4197ec665d5150745b3668bec961acf8a757"},
    {file = "jarowinkler-1.0.2-cp38-cp38-musllinux_1_1_x86_64.whl", hash = "sha256:e4cf4b7090f0c4075bec1638717f54b22c3b0fe733dc87146a19574346ed3161"},
    {file = "jarowinkler-1.0.2-cp38-cp38-win32.whl", hash = "sha256:199f4f7edbc49439a97440caa1e244d2e33da3e16d7b0afce4e4dfd307e555c7"},
    {file = "jarowinkler-1.0.2-cp38-cp38-win_amd64.whl", hash = "sha256:b587e8fdd96cc470d6bdf428129c65264731b09b5db442e2d092e983feec4aab"},
    {file = "jarowinkler-1.0.2-cp39-cp39-macosx_10_9_universal2.whl", hash = "sha256:4b233180b3e2f2d7967aa570d36984e9d2ec5a9067c0d1c44cd3b805d9da9363"},
    {file = "jarowinkler-1.0.2-cp39-cp39-macosx_10_9_x86_64.whl", hash = "sha256:2220665a1f52262ae8b76e3baf474ebcd209bfcb6a7cada346ffd62818f5aa3e"},
    {file = "jarowinkler-1.0.2-cp39-cp39-macosx_11_0_arm64.whl", hash = "sha256:08c98387e04e749c84cc967db628e5047843f19f87bf515a35b72f7050bc28ad"},
    {file = "jarowinkler-1.0.2-cp39-cp39-manylinux_2_17_aarch64.manylinux2014_aarch64.whl", hash = "sha256:d710921657442ad3c942de684aba0bdf16b7de5feed3223b12f3b2517cf17f7c"},
    {file = "jarowinkler-1.0.2-cp39-cp39-manylinux_2_17_ppc64le.manylinux2014_ppc64le.whl", hash = "sha256:401c02ac7245103826f54c816324274f53d50b638ab0f8b359a13055a7a6e793"},
    {file = "jarowinkler-1.0.2-cp39-cp39-manylinux_2_17_s390x.manylinux2014_s390x.whl", hash = "sha256:0a1929a0029f208cc9244499dc93b4d52ee8e80d2849177d425cf6e0be1ea781"},
    {file = "jarowinkler-1.0.2-cp39-cp39-manylinux_2_17_x86_64.manylinux2014_x86_64.whl", hash = "sha256:4ab25d147be9b04e7de2d28a18e72fadc152698c3e51683c6c61f73ffbae2f9e"},
    {file = "jarowinkler-1.0.2-cp39-cp39-manylinux_2_5_i686.manylinux1_i686.manylinux_2_17_i686.manylinux2014_i686.whl", hash = "sha256:465cfdff355ec9c55f65fd1e1315260ec20c8cff0eb90d9f1a0ad8d503dc002b"},
    {file = "jarowinkler-1.0.2-cp39-cp39-musllinux_1_1_aarch64.whl", hash = "sha256:29ef1113697cc74c2f04bc15008abbd726cb2d5b01c040ba87c6cb7abd1d0e0d"},
    {file = "jarowinkler-1.0.2-cp39-cp39-musllinux_1_1_i686.whl", hash = "sha256:61b57c8b36361ec889f99f761441bb0fa21b850a5eb3305dea25fef68f6a797b"},
    {file = "jarowinkler-1.0.2-cp39-cp39-musllinux_1_1_ppc64le.whl", hash = "sha256:ee9d9af1bbf194d78f4b69c2139807c23451068b27a053a1400d683d6f36c61d"},
    {file = "jarowinkler-1.0.2-cp39-cp39-musllinux_1_1_s390x.whl", hash = "sha256:a9b33b0ceb472bbc65683467189bd032c162256b2a137586ee3448a9f8f886ec"},
    {file = "jarowinkler-1.0.2-cp39-cp39-musllinux_1_1_x86_64.whl", hash = "sha256:582f6e213a6744883ced44482a51efcc21ae632defac27f12f6430a8e99b1070"},
    {file = "jarowinkler-1.0.2-cp39-cp39-win32.whl", hash = "sha256:4d1c8f403016d5c0262de7a8588eee370c37a609e1f529f8407e99a70d020af7"},
    {file = "jarowinkler-1.0.2-cp39-cp39-win_amd64.whl", hash = "sha256:ab50ffa66aa201616871c1b90ac0790f56666118db3c8a8fcb3a7a6e03971510"},
    {file = "jarowinkler-1.0.2-pp37-pypy37_pp73-macosx_10_9_x86_64.whl", hash = "sha256:8e59a289dcf93504ab92795666c39b2dbe98ac18655201992a7e6247de676bf4"},
    {file = "jarowinkler-1.0.2-pp37-pypy37_pp73-manylinux_2_17_aarch64.manylinux2014_aarch64.whl", hash = "sha256:c36eccdc866f06a7b35da701bd8f91e0dfc83b35c07aba75ce8c906cbafaf184"},
    {file = "jarowinkler-1.0.2-pp37-pypy37_pp73-manylinux_2_17_x86_64.manylinux2014_x86_64.whl", hash = "sha256:123163f01a5c43f12e4294e7ce567607d859e1446b1a43bd6cd404b3403ffa07"},
    {file = "jarowinkler-1.0.2-pp37-pypy37_pp73-manylinux_2_5_i686.manylinux1_i686.manylinux_2_17_i686.manylinux2014_i686.whl", hash = "sha256:d41fdecd907189e47c7d478e558ad417da38bf3eb34cc20527035cb3fca3e2b8"},
    {file = "jarowinkler-1.0.2-pp38-pypy38_pp73-macosx_10_9_x86_64.whl", hash = "sha256:e7829368fc91de225f37f6325f8d8ec7ad831dc5b0e9547f1977e2fdc85eccc1"},
    {file = "jarowinkler-1.0.2-pp38-pypy38_pp73-manylinux_2_17_aarch64.manylinux2014_aarch64.whl", hash = "sha256:278595417974553a8fdf3c8cce5c2b4f859335344075b870ecb55cc416eb76cf"},
    {file = "jarowinkler-1.0.2-pp38-pypy38_pp73-manylinux_2_17_x86_64.manylinux2014_x86_64.whl", hash = "sha256:208fc49741db5d3e6bbd4a2f7b32d32644b462bf205e7510eca4e2d530225f03"},
    {file = "jarowinkler-1.0.2-pp38-pypy38_pp73-manylinux_2_5_i686.manylinux1_i686.manylinux_2_17_i686.manylinux2014_i686.whl", hash = "sha256:924afcab6739c453f1c3492701d185d71dc0e5ba15692bd0bfa6d482c7e8f79e"},
    {file = "jarowinkler-1.0.2.tar.gz", hash = "sha256:788ac33e6ffdbd78fd913b481e37cfa149288575f087a1aae1a4ce219cb1c654"},
]
lol-id-tools = [
    {file = "lol_id_tools-2.0.0-py3-none-any.whl", hash = "sha256:f31971a851d0ccc81e54376f1fa42b702650a57b3f59c77ea7685861f6a89da8"},
    {file = "lol_id_tools-2.0.0.tar.gz", hash = "sha256:09119a7c1d5a13385628736926f5a8d1896394f68b1a085662e22a510ed4592d"},
]
mypy-extensions = [
    {file = "mypy_extensions-0.4.3-py2.py3-none-any.whl", hash = "sha256:090fedd75945a69ae91ce1303b5824f428daf5a028d2f6ab8a299250a846f15d"},
    {file = "mypy_extensions-0.4.3.tar.gz", hash = "sha256:2d82818f5bb3e369420cb3c4060a7970edba416647068eb4c5343488a6c604a8"},
]
packaging = [
    {file = "packaging-21.3-py3-none-any.whl", hash = "sha256:ef103e05f519cdc783ae24ea4e2e0f508a9c99b2d4969652eed6a2e1ea5bd522"},
    {file = "packaging-21.3.tar.gz", hash = "sha256:dd47c42927d89ab911e606518907cc2d3a1f38bbd026385970643f9c5b8ecfeb"},
]
pathspec = [
    {file = "pathspec-0.9.0-py2.py3-none-any.whl", hash = "sha256:7d15c4ddb0b5c802d161efc417ec1a2558ea2653c2e8ad9c19098201dc1c993a"},
    {file = "pathspec-0.9.0.tar.gz", hash = "sha256:e564499435a2673d586f6b2130bb5b95f04a3ba06f81b8f895b651a3c76aabb1"},
]
platformdirs = [
    {file = "platformdirs-2.5.1-py3-none-any.whl", hash = "sha256:bcae7cab893c2d310a711b70b24efb93334febe65f8de776ee320b517471e227"},
    {file = "platformdirs-2.5.1.tar.gz", hash = "sha256:7535e70dfa32e84d4b34996ea99c5e432fa29a708d0f4e394bbcb2a8faa4f16d"},
]
pluggy = [
    {file = "pluggy-1.0.0-py2.py3-none-any.whl", hash = "sha256:74134bbf457f031a36d68416e1509f34bd5ccc019f0bcc952c7b909d06b37bd3"},
    {file = "pluggy-1.0.0.tar.gz", hash = "sha256:4224373bacce55f955a878bf9cfa763c1e360858e330072059e10bad68531159"},
]
py = [
    {file = "py-1.11.0-py2.py3-none-any.whl", hash = "sha256:607c53218732647dff4acdfcd50cb62615cedf612e72d1724fb1a0cc6405b378"},
    {file = "py-1.11.0.tar.gz", hash = "sha256:51c75c4126074b472f746a24399ad32f6053d1b34b68d2fa41e558e6f4a98719"},
]
pydantic = [
    {file = "pydantic-1.9.0-cp310-cp310-macosx_10_9_x86_64.whl", hash = "sha256:cb23bcc093697cdea2708baae4f9ba0e972960a835af22560f6ae4e7e47d33f5"},
    {file = "pydantic-1.9.0-cp310-cp310-macosx_11_0_arm64.whl", hash = "sha256:1d5278bd9f0eee04a44c712982343103bba63507480bfd2fc2790fa70cd64cf4"},
    {file = "pydantic-1.9.0-cp310-cp310-manylinux_2_17_x86_64.manylinux2014_x86_64.whl", hash = "sha256:ab624700dc145aa809e6f3ec93fb8e7d0f99d9023b713f6a953637429b437d37"},
    {file = "pydantic-1.9.0-cp310-cp310-manylinux_2_5_i686.manylinux1_i686.manylinux_2_17_i686.manylinux2014_i686.whl", hash = "sha256:c8d7da6f1c1049eefb718d43d99ad73100c958a5367d30b9321b092771e96c25"},
    {file = "pydantic-1.9.0-cp310-cp310-musllinux_1_1_i686.whl", hash = "sha256:3c3b035103bd4e2e4a28da9da7ef2fa47b00ee4a9cf4f1a735214c1bcd05e0f6"},
    {file = "pydantic-1.9.0-cp310-cp310-musllinux_1_1_x86_64.whl", hash = "sha256:3011b975c973819883842c5ab925a4e4298dffccf7782c55ec3580ed17dc464c"},
    {file = "pydantic-1.9.0-cp310-cp310-win_amd64.whl", hash = "sha256:086254884d10d3ba16da0588604ffdc5aab3f7f09557b998373e885c690dd398"},
    {file = "pydantic-1.9.0-cp36-cp36m-macosx_10_9_x86_64.whl", hash = "sha256:0fe476769acaa7fcddd17cadd172b156b53546ec3614a4d880e5d29ea5fbce65"},
    {file = "pydantic-1.9.0-cp36-cp36m-manylinux_2_17_x86_64.manylinux2014_x86_64.whl", hash = "sha256:c8e9dcf1ac499679aceedac7e7ca6d8641f0193c591a2d090282aaf8e9445a46"},
    {file = "pydantic-1.9.0-cp36-cp36m-manylinux_2_5_i686.manylinux1_i686.manylinux_2_17_i686.manylinux2014_i686.whl", hash = "sha256:d1e4c28f30e767fd07f2ddc6f74f41f034d1dd6bc526cd59e63a82fe8bb9ef4c"},
    {file = "pydantic-1.9.0-cp36-cp36m-musllinux_1_1_i686.whl", hash = "sha256:c86229333cabaaa8c51cf971496f10318c4734cf7b641f08af0a6fbf17ca3054"},
    {file = "pydantic-1.9.0-cp36-cp36m-musllinux_1_1_x86_64.whl", hash = "sha256:c0727bda6e38144d464daec31dff936a82917f431d9c39c39c60a26567eae3ed"},
    {file = "pydantic-1.9.0-cp36-cp36m-win_amd64.whl", hash = "sha256:dee5ef83a76ac31ab0c78c10bd7d5437bfdb6358c95b91f1ba7ff7b76f9996a1"},
    {file = "pydantic-1.9.0-cp37-cp37m-macosx_10_9_x86_64.whl", hash = "sha256:d9c9bdb3af48e242838f9f6e6127de9be7063aad17b32215ccc36a09c5cf1070"},
    {file = "pydantic-1.9.0-cp37-cp37m-manylinux_2_17_x86_64.manylinux2014_x86_64.whl", hash = "sha256:2ee7e3209db1e468341ef41fe263eb655f67f5c5a76c924044314e139a1103a2"},
    {file = "pydantic-1.9.0-cp37-cp37m-manylinux_2_5_i686.manylinux1_i686.manylinux_2_17_i686.manylinux2014_i686.whl", hash = "sha256:0b6037175234850ffd094ca77bf60fb54b08b5b22bc85865331dd3bda7a02fa1"},
    {file = "pydantic-1.9.0-cp37-cp37m-musllinux_1_1_i686.whl", hash = "sha256:b2571db88c636d862b35090ccf92bf24004393f85c8870a37f42d9f23d13e032"},
    {file = "pydantic-1.9.0-cp37-cp37m-musllinux_1_1_x86_64.whl", hash = "sha256:8b5ac0f1c83d31b324e57a273da59197c83d1bb18171e512908fe5dc7278a1d6"},
    {file = "pydantic-1.9.0-cp37-cp37m-win_amd64.whl", hash = "sha256:bbbc94d0c94dd80b3340fc4f04fd4d701f4b038ebad72c39693c794fd3bc2d9d"},
    {file = "pydantic-1.9.0-cp38-cp38-macosx_10_9_x86_64.whl", hash = "sha256:e0896200b6a40197405af18828da49f067c2fa1f821491bc8f5bde241ef3f7d7"},
    {file = "pydantic-1.9.0-cp38-cp38-macosx_11_0_arm64.whl", hash = "sha256:7bdfdadb5994b44bd5579cfa7c9b0e1b0e540c952d56f627eb227851cda9db77"},
    {file = "pydantic-1.9.0-cp38-cp38-manylinux_2_17_x86_64.manylinux2014_x86_64.whl", hash = "sha256:574936363cd4b9eed8acdd6b80d0143162f2eb654d96cb3a8ee91d3e64bf4cf9"},
    {file = "pydantic-1.9.0-cp38-cp38-manylinux_2_5_i686.manylinux1_i686.manylinux_2_17_i686.manylinux2014_i686.whl", hash = "sha256:c556695b699f648c58373b542534308922c46a1cda06ea47bc9ca45ef5b39ae6"},
    {file = "pydantic-1.9.0-cp38-cp38-musllinux_1_1_i686.whl", hash = "sha256:f947352c3434e8b937e3aa8f96f47bdfe6d92779e44bb3f41e4c213ba6a32145"},
    {file = "pydantic-1.9.0-cp38-cp38-musllinux_1_1_x86_64.whl", hash = "sha256:5e48ef4a8b8c066c4a31409d91d7ca372a774d0212da2787c0d32f8045b1e034"},
    {file = "pydantic-1.9.0-cp38-cp38-win_amd64.whl", hash = "sha256:96f240bce182ca7fe045c76bcebfa0b0534a1bf402ed05914a6f1dadff91877f"},
    {file = "pydantic-1.9.0-cp39-cp39-macosx_10_9_x86_64.whl", hash = "sha256:815ddebb2792efd4bba5488bc8fde09c29e8ca3227d27cf1c6990fc830fd292b"},
    {file = "pydantic-1.9.0-cp39-cp39-macosx_11_0_arm64.whl", hash = "sha256:6c5b77947b9e85a54848343928b597b4f74fc364b70926b3c4441ff52620640c"},
    {file = "pydantic-1.9.0-cp39-cp39-manylinux_2_17_x86_64.manylinux2014_x86_64.whl", hash = "sha256:4c68c3bc88dbda2a6805e9a142ce84782d3930f8fdd9655430d8576315ad97ce"},
    {file = "pydantic-1.9.0-cp39-cp39-manylinux_2_5_i686.manylinux1_i686.manylinux_2_17_i686.manylinux2014_i686.whl", hash = "sha256:5a79330f8571faf71bf93667d3ee054609816f10a259a109a0738dac983b23c3"},
    {file = "pydantic-1.9.0-cp39-cp39-musllinux_1_1_i686.whl", hash = "sha256:f5a64b64ddf4c99fe201ac2724daada8595ada0d102ab96d019c1555c2d6441d"},
    {file = "pydantic-1.9.0-cp39-cp39-musllinux_1_1_x86_64.whl", hash = "sha256:a733965f1a2b4090a5238d40d983dcd78f3ecea221c7af1497b845a9709c1721"},
    {file = "pydantic-1.9.0-cp39-cp39-win_amd64.whl", hash = "sha256:2cc6a4cb8a118ffec2ca5fcb47afbacb4f16d0ab8b7350ddea5e8ef7bcc53a16"},
    {file = "pydantic-1.9.0-py3-none-any.whl", hash = "sha256:085ca1de245782e9b46cefcf99deecc67d418737a1fd3f6a4f511344b613a5b3"},
    {file = "pydantic-1.9.0.tar.gz", hash = "sha256:742645059757a56ecd886faf4ed2441b9c0cd406079c2b4bee51bcc3fbcd510a"},
]
pyparsing = [
    {file = "pyparsing-3.0.7-py3-none-any.whl", hash = "sha256:a6c06a88f252e6c322f65faf8f418b16213b51bdfaece0524c1c1bc30c63c484"},
    {file = "pyparsing-3.0.7.tar.gz", hash = "sha256:18ee9022775d270c55187733956460083db60b37d0d0fb357445f3094eed3eea"},
]
pytest = [
    {file = "pytest-6.2.5-py3-none-any.whl", hash = "sha256:7310f8d27bc79ced999e760ca304d69f6ba6c6649c0b60fb0e04a4a77cacc134"},
    {file = "pytest-6.2.5.tar.gz", hash = "sha256:131b36680866a76e6781d13f101efb86cf674ebb9762eb70d3082b6f29889e89"},
]
rapidfuzz = [
    {file = "rapidfuzz-2.0.7-cp310-cp310-macosx_10_9_universal2.whl", hash = "sha256:b306b4a1d42a8dfd5f3daff9a82853f1541e5c74a2ec34515a5e5cd51f3c7307"},
    {file = "rapidfuzz-2.0.7-cp310-cp310-macosx_10_9_x86_64.whl", hash = "sha256:2ee380254d8b29d0b0f47a020e7f16375a4d97164b8071b3f94d5c684d744093"},
    {file = "rapidfuzz-2.0.7-cp310-cp310-macosx_11_0_arm64.whl", hash = "sha256:ac993b8760c5308d885c300355e2c537daf0696ebc5d30436af83818978e661c"},
    {file = "rapidfuzz-2.0.7-cp310-cp310-manylinux_2_17_aarch64.manylinux2014_aarch64.whl", hash = "sha256:d06a394e475316aeddbf4bf9691aabf4825f8c1acf87b49abbb7b9dad7e555ae"},
    {file = "rapidfuzz-2.0.7-cp310-cp310-manylinux_2_17_i686.manylinux2014_i686.whl", hash = "sha256:79883fcfc3e550b356d45ac2bf1af391161f9ddb64b1ed504f9a94086b824709"},
    {file = "rapidfuzz-2.0.7-cp310-cp310-manylinux_2_17_x86_64.manylinux2014_x86_64.whl", hash = "sha256:d44d74ace68b3ec6dee4501188c74f124da8c940877989baf9f672d51368e171"},
    {file = "rapidfuzz-2.0.7-cp310-cp310-win32.whl", hash = "sha256:9ec9fd78d40f392cd4ce91dbb17477cd07740d0cb0b7bf44e9ab67c16ee3d5ce"},
    {file = "rapidfuzz-2.0.7-cp310-cp310-win_amd64.whl", hash = "sha256:7983ed01b0ac5343bea4d737024576a86a8c68f3c8d811498eb0facf8d3bafc1"},
    {file = "rapidfuzz-2.0.7-cp36-cp36m-macosx_10_9_x86_64.whl", hash = "sha256:49fd3d2a789abc30c811d6ed81db1c5f143caf5e975720bf9ab62c920253d5e9"},
    {file = "rapidfuzz-2.0.7-cp36-cp36m-manylinux_2_17_aarch64.manylinux2014_aarch64.whl", hash = "sha256:636489517bbd0786f300948f8eba59635f2fb781ecbc2ed19deba3426ee32ab6"},
    {file = "rapidfuzz-2.0.7-cp36-cp36m-manylinux_2_17_i686.manylinux2014_i686.whl", hash = "sha256:2c6a47418b86a6b8267a89f253e2b14f9aa8b4b559141b15f8c8a9769d19b109"},
    {file = "rapidfuzz-2.0.7-cp36-cp36m-manylinux_2_17_x86_64.manylinux2014_x86_64.whl", hash = "sha256:9fe01ca2cbdb2aee6f80c1fc3a82fa69ee9ef9c44f085a725113b5d12209e05d"},
    {file = "rapidfuzz-2.0.7-cp36-cp36m-win32.whl", hash = "sha256:8157406a1b44cd742d65c65ca8345e47fcc8642148a970626b886fb52b3abd1d"},
    {file = "rapidfuzz-2.0.7-cp36-cp36m-win_amd64.whl", hash = "sha256:3062ea2a0481196376e364470c682d5ebc22eb5d4c114350f05f079119ea61b8"},
    {file = "rapidfuzz-2.0.7-cp37-cp37m-macosx_10_9_x86_64.whl", hash = "sha256:cbfc3fcbbd00edf7f917ad0d6bf46350c64a9910c14d05e1936d436170f2531d"},
    {file = "rapidfuzz-2.0.7-cp37-cp37m-manylinux_2_17_aarch64.manylinux2014_aarch64.whl", hash = "sha256:ae15eb44e014101b208c97a253d850d6fb4a8465f3c9ee8be3508b03135ad0e7"},
    {file = "rapidfuzz-2.0.7-cp37-cp37m-manylinux_2_17_i686.manylinux2014_i686.whl", hash = "sha256:d9224115aae07d42b9250d8ca58d5568cab2ddd8720c551aa7de9dcec661ee86"},
    {file = "rapidfuzz-2.0.7-cp37-cp37m-manylinux_2_17_x86_64.manylinux2014_x86_64.whl", hash = "sha256:42bc2cf64ebbf2a80e6fd03353679de17118a431dce358cfadc7cdb72ac9510a"},
    {file = "rapidfuzz-2.0.7-cp37-cp37m-win32.whl", hash = "sha256:34416ee6265dfa1415e9f10c7dafe6a85296117f534f67d00021eeaa661c8d9e"},
    {file = "rapidfuzz-2.0.7-cp37-cp37m-win_amd64.whl", hash = "sha256:4044ef50f020f16f99b5979784b648b7ab90cd6bd0d275359818a2c155f9c01d"},
    {file = "rapidfuzz-2.0.7-cp38-cp38-macosx_10_9_universal2.whl", hash = "sha256:1332fb51345e431ba39e075c3dbc222bb9770f0e73c097c7a65c8c2ea331004c"},
    {file = "rapidfuzz-2.0.7-cp38-cp38-macosx_10_9_x86_64.whl", hash = "sha256:2ac560a603d0d1b9d70cc0a376d1adf57ece4195e61351d410e0c7b0fa280cbe"},
    {file = "rapidfuzz-2.0.7-cp38-cp38-macosx_11_0_arm64.whl", hash = "sha256:0fd757a38e14f247d929af7df6762aee2082f7a6882c85a31f17b09a450bbb5e"},
    {file = "rapidfuzz-2.0.7-cp38-cp38-manylinux_2_17_aarch64.manylinux2014_aarch64.whl", hash = "sha256:723a48d5937e4a558fb5df553b3d0e0b3cc05de7f7a8d43a920682b796010ab5"},
    {file = "rapidfuzz-2.0.7-cp38-cp38-manylinux_2_17_i686.manylinux2014_i686.whl", hash = "sha256:8c9b344e3f69c5b69ae0c96411d3ee1dab02ec49124471e44ce2a16f6446fa6d"},
    {file = "rapidfuzz-2.0.7-cp38-cp38-manylinux_2_17_x86_64.manylinux2014_x86_64.whl", hash = "sha256:e7f34f905a0e9fa01cf26b9208daac6523708f9439958397b21b95c6c4fe508b"},
    {file = "rapidfuzz-2.0.7-cp38-cp38-win32.whl", hash = "sha256:a95a45939cbd035c2d4779765a81485215a12fa5f1b912c2738374fad93e753d"},
    {file = "rapidfuzz-2.0.7-cp38-cp38-win_amd64.whl", hash = "sha256:14234ecc57e1799e24c9dcd230bba02630c4f38ca60c0eb075452313da8e0e95"},
    {file = "rapidfuzz-2.0.7-cp39-cp39-macosx_10_9_universal2.whl", hash = "sha256:a9959374974fb96d3941334f5f8caeea971ea9718279514748c53d381146c5a7"},
    {file = "rapidfuzz-2.0.7-cp39-cp39-macosx_10_9_x86_64.whl", hash = "sha256:b2a988b5ff46823e0d5e14b4a1cce3ef13024009115df61d1d3b7ba14678f421"},
    {file = "rapidfuzz-2.0.7-cp39-cp39-macosx_11_0_arm64.whl", hash = "sha256:603d179205972ebb5b01e7a84ead465d08813d50401216d5cc81fc2589e2c957"},
    {file = "rapidfuzz-2.0.7-cp39-cp39-manylinux_2_17_aarch64.manylinux2014_aarch64.whl", hash = "sha256:a934734aa247f57c683932ae0d38653063b2d97540598b551294b40ff242bd62"},
    {file = "rapidfuzz-2.0.7-cp39-cp39-manylinux_2_17_i686.manylinux2014_i686.whl", hash = "sha256:c42064174035f3633f4a815c38a76514875ca8531fac3f992202a41d1f338a41"},
    {file = "rapidfuzz-2.0.7-cp39-cp39-manylinux_2_17_x86_64.manylinux2014_x86_64.whl", hash = "sha256:46a46b8bab2ceee4877dfb281e94a43197b118d96cb04325e07540f7f9c57324"},
    {file = "rapidfuzz-2.0.7-cp39-cp39-win32.whl", hash = "sha256:1f892f3dd0acfbc2ba0b90d72cac42dd468ac9a8f7ac2179c91c29c22a4f7960"},
    {file = "rapidfuzz-2.0.7-cp39-cp39-win_amd64.whl", hash = "sha256:233024373cb77dc2ef510b5fccac0429edb3294ea631ad777a7e3ff614501578"},
    {file = "rapidfuzz-2.0.7-pp37-pypy37_pp73-manylinux_2_17_aarch64.manylinux2014_aarch64.whl", hash = "sha256:be8121175e7096062a312b73823385389635c4dec50a9e0496b29c4ba0b50362"},
    {file = "rapidfuzz-2.0.7-pp37-pypy37_pp73-manylinux_2_17_i686.manylinux2014_i686.whl", hash = "sha256:ad5282cf9921c6dbfe1c58e5af05c3014eabc20afd8fafcc0e6a56e9263875a0"},
    {file = "rapidfuzz-2.0.7-pp37-pypy37_pp73-manylinux_2_17_x86_64.manylinux2014_x86_64.whl", hash = "sha256:c67d650e25a7c281127865cc50c3588d5319200c8a11837df51ab3eead7cf066"},
    {file = "rapidfuzz-2.0.7-pp38-pypy38_pp73-manylinux_2_17_aarch64.manylinux2014_aarch64.whl", hash = "sha256:07ccd298a24de2dadead47e75f23ff747ed3ee551964a8401ccae31a577cebb1"},
    {file = "rapidfuzz-2.0.7-pp38-pypy38_pp73-manylinux_2_17_i686.manylinux2014_i686.whl", hash = "sha256:a1e70ec13c00a9f28cce76a29eb5c4e6aeb5dadb9ddb35b74dfe05d503c09a4a"},
    {file = "rapidfuzz-2.0.7-pp38-pypy38_pp73-manylinux_2_17_x86_64.manylinux2014_x86_64.whl", hash = "sha256:c47fda63c0d9d8275b319cdc226f96b3f1c16a395409442bff566b6de6b7cac9"},
    {file = "rapidfuzz-2.0.7.tar.gz", hash = "sha256:93bf42784fd74ebf1a8e89ca1596e9bea7f3ac4a61b825ecc6eb2d9893ad6844"},
]
requests = [
    {file = "requests-2.27.1-py2.py3-none-any.whl", hash = "sha256:f22fa1e554c9ddfd16e6e41ac79759e17be9e492b3587efa038054674760e72d"},
    {file = "requests-2.27.1.tar.gz", hash = "sha256:68d7c56fd5a8999887728ef304a6d12edc7be74f1cfa47714fc8b414525c9a61"},
]
six = [
    {file = "six-1.16.0-py2.py3-none-any.whl", hash = "sha256:8abb2f1d86890a2dfb989f9a77cfcfd3e47c2a354b01111771326f8aa26e0254"},
    {file = "six-1.16.0.tar.gz", hash = "sha256:1e61c37477a1626458e36f7b1d82aa5c9b094fa4802892072e49de9c60c4c926"},
]
toml = [
    {file = "toml-0.10.2-py2.py3-none-any.whl", hash = "sha256:806143ae5bfb6a3c6e736a764057db0e6a0e05e338b5630894a5f779cabb4f9b"},
    {file = "toml-0.10.2.tar.gz", hash = "sha256:b3bda1d108d5dd99f4a20d24d9c348e91c4db7ab1b749200bded2f839ccbe68f"},
]
tomli = [
    {file = "tomli-1.2.3-py3-none-any.whl", hash = "sha256:e3069e4be3ead9668e21cb9b074cd948f7b3113fd9c8bba083f48247aab8b11c"},
    {file = "tomli-1.2.3.tar.gz", hash = "sha256:05b6166bff487dc068d322585c7ea4ef78deed501cc124060e0f238e89a9231f"},
]
tox = [
    {file = "tox-3.24.5-py2.py3-none-any.whl", hash = "sha256:be3362472a33094bce26727f5f771ca0facf6dafa217f65875314e9a6600c95c"},
    {file = "tox-3.24.5.tar.gz", hash = "sha256:67e0e32c90e278251fea45b696d0fef3879089ccbe979b0c556d35d5a70e2993"},
]
typing-extensions = [
    {file = "typing_extensions-4.1.1-py3-none-any.whl", hash = "sha256:21c85e0fe4b9a155d0799430b0ad741cdce7e359660ccbd8b530613e8df88ce2"},
    {file = "typing_extensions-4.1.1.tar.gz", hash = "sha256:1a9462dcc3347a79b1f1c0271fbe79e844580bb598bafa1ed208b94da3cdcd42"},
]
urllib3 = [
    {file = "urllib3-1.26.9-py2.py3-none-any.whl", hash = "sha256:44ece4d53fb1706f667c9bd1c648f5469a2ec925fcf3a776667042d645472c14"},
    {file = "urllib3-1.26.9.tar.gz", hash = "sha256:aabaf16477806a5e1dd19aa41f8c2b7950dd3c746362d7e3223dbe6de6ac448e"},
]
virtualenv = [
    {file = "virtualenv-20.14.0-py2.py3-none-any.whl", hash = "sha256:1e8588f35e8b42c6ec6841a13c5e88239de1e6e4e4cedfd3916b306dc826ec66"},
    {file = "virtualenv-20.14.0.tar.gz", hash = "sha256:8e5b402037287126e81ccde9432b95a8be5b19d36584f64957060a3488c11ca8"},
]
